
Microsoft Visual Studio Solution File, Format Version 12.00
# Visual Studio Version 16
VisualStudioVersion = 16.0.32630.194
MinimumVisualStudioVersion = 10.0.40219.1
Project("{C9674DCB-5085-4A16-B785-4C70DD1589BD}") = "PSI-Pacote SSIS", "PSI-Pacote SSIS\PSI-Pacote SSIS.dtproj", "{AED3CF9D-C466-41EC-8619-1F5086845170}"
EndProject
Global
	GlobalSection(SolutionConfigurationPlatforms) = preSolution
		Development|Default = Development|Default
	EndGlobalSection
	GlobalSection(ProjectConfigurationPlatforms) = postSolution
		{AED3CF9D-C466-41EC-8619-1F5086845170}.Development|Default.ActiveCfg = Development
		{AED3CF9D-C466-41EC-8619-1F5086845170}.Development|Default.Build.0 = Development
	EndGlobalSection
	GlobalSection(SolutionProperties) = preSolution
		HideSolutionNode = FALSE
	EndGlobalSection
	GlobalSection(ExtensibilityGlobals) = postSolution
		SolutionGuid = {05CC857A-AA31-417F-9B08-AD53A412C1F9}
	EndGlobalSection
EndGlobal
